
Microsoft Visual Studio Solution File, Format Version 12.00
# Visual Studio Version 18
VisualStudioVersion = 18.6.11822.322
MinimumVisualStudioVersion = 10.0.40219.1
Project("{FAE04EC0-301F-11D3-BF4B-00C04F79EFBC}") = "WebPhotocopyHub_Web", "WebPhotocopyHub_Web\WebPhotocopyHub_Web.csproj", "{A0A34098-F2D4-44F9-9CD6-0C217A5492B6}"
EndProject
Project("{FAE04EC0-301F-11D3-BF4B-00C04F79EFBC}") = "WebPhotocopyHub_Data_Access", "WebPhotocopyHub_Data_Access\WebPhotocopyHub_Data_Access.csproj", "{DB195FA7-E6D9-4879-928C-C5EEB13C49E2}"
EndProject
Project("{FAE04EC0-301F-11D3-BF4B-00C04F79EFBC}") = "WebPhotocopyHub_Report", "WebPhotocopyHub_Report\WebPhotocopyHub_Report.csproj", "{E0CB309A-4E90-4A72-8AEF-E33449D4F93E}"
EndProject
Project("{FAE04EC0-301F-11D3-BF4B-00C04F79EFBC}") = "WebPhotocopyHub_Web_Common", "WebPhotocopyHub_Web_Common\WebPhotocopyHub_Web_Common.csproj", "{786741E6-BA44-41E1-940E-C07EEB4154E7}"
EndProject
Project("{FAE04EC0-301F-11D3-BF4B-00C04F79EFBC}") = "WebPhotocopyHub_Web_Control", "WebPhotocopyHub_Web_Control\WebPhotocopyHub_Web_Control.csproj", "{E6EDCE69-CBF5-4AF8-9507-190EF28A4921}"
EndProject
Project("{FAE04EC0-301F-11D3-BF4B-00C04F79EFBC}") = "WebPhotocopyHub_Web_Sys", "WebPhotocopyHub_Web_Sys\WebPhotocopyHub_Web_Sys.csproj", "{70D22C1E-6422-41AF-A506-EA9501DECEC9}"
EndProject
Project("{FAE04EC0-301F-11D3-BF4B-00C04F79EFBC}") = "WebPhotocopyHub_Web_Customer", "WebPhotocopyHub_Web_Customer\WebPhotocopyHub_Web_Customer.csproj", "{9B5A9737-F6DC-4D0C-9441-99528EEE5C62}"
EndProject
Project("{FAE04EC0-301F-11D3-BF4B-00C04F79EFBC}") = "WebPhotocopyHub_Web_Admin", "WebPhotocopyHub_Web_Admin\WebPhotocopyHub_Web_Admin.csproj", "{7CC13BF5-CC42-48C7-A160-2CA59C15238F}"
EndProject
Project("{FAE04EC0-301F-11D3-BF4B-00C04F79EFBC}") = "WebPhotocopyHub_Admin_Shop", "WebPhotocopyHub_Admin_Shop\WebPhotocopyHub_Admin_Shop.csproj", "{3034DEF6-C570-4092-A078-7D92A6FB1A08}"
EndProject
Project("{2150E333-8FDC-42A3-9474-1A3956D46DE8}") = "Domain", "Domain", "{52137CA4-D3B9-B180-3BFE-5F07E171F5D4}"
EndProject
Project("{FAE04EC0-301F-11D3-BF4B-00C04F79EFBC}") = "PhotoCopyHub.Domain", "WebPhotocopyHub_Data_Access\Domain\PhotoCopyHub.Domain.csproj", "{BE63D0EE-8362-46C9-AF38-83CB9DE3146D}"
EndProject
Project("{2150E333-8FDC-42A3-9474-1A3956D46DE8}") = "Application", "Application", "{B85241AD-0F05-1D23-03A5-E2F754FE2B1B}"
EndProject
Project("{FAE04EC0-301F-11D3-BF4B-00C04F79EFBC}") = "PhotoCopyHub.Application", "WebPhotocopyHub_Data_Access\Application\PhotoCopyHub.Application.csproj", "{CB19E66B-9380-4F44-B0FB-E89597697BB0}"
EndProject
Project("{2150E333-8FDC-42A3-9474-1A3956D46DE8}") = "Infrastructure", "Infrastructure", "{B3EC58AB-5244-DD21-5309-45A712661F75}"
EndProject
Project("{FAE04EC0-301F-11D3-BF4B-00C04F79EFBC}") = "PhotoCopyHub.Infrastructure", "WebPhotocopyHub_Data_Access\Infrastructure\PhotoCopyHub.Infrastructure.csproj", "{58141817-F5B4-4C49-94F5-76C93B5224EF}"
EndProject
Global
	GlobalSection(SolutionConfigurationPlatforms) = preSolution
		Debug|Any CPU = Debug|Any CPU
		Debug|x64 = Debug|x64
		Debug|x86 = Debug|x86
		Release|Any CPU = Release|Any CPU
		Release|x64 = Release|x64
		Release|x86 = Release|x86
	EndGlobalSection
	GlobalSection(ProjectConfigurationPlatforms) = postSolution
		{A0A34098-F2D4-44F9-9CD6-0C217A5492B6}.Debug|Any CPU.ActiveCfg = Debug|Any CPU
		{A0A34098-F2D4-44F9-9CD6-0C217A5492B6}.Debug|Any CPU.Build.0 = Debug|Any CPU
		{A0A34098-F2D4-44F9-9CD6-0C217A5492B6}.Debug|x64.ActiveCfg = Debug|Any CPU
		{A0A34098-F2D4-44F9-9CD6-0C217A5492B6}.Debug|x64.Build.0 = Debug|Any CPU
		{A0A34098-F2D4-44F9-9CD6-0C217A5492B6}.Debug|x86.ActiveCfg = Debug|Any CPU
		{A0A34098-F2D4-44F9-9CD6-0C217A5492B6}.Debug|x86.Build.0 = Debug|Any CPU
		{A0A34098-F2D4-44F9-9CD6-0C217A5492B6}.Release|Any CPU.ActiveCfg = Release|Any CPU
		{A0A34098-F2D4-44F9-9CD6-0C217A5492B6}.Release|Any CPU.Build.0 = Release|Any CPU
		{A0A34098-F2D4-44F9-9CD6-0C217A5492B6}.Release|x64.ActiveCfg = Release|Any CPU
		{A0A34098-F2D4-44F9-9CD6-0C217A5492B6}.Release|x64.Build.0 = Release|Any CPU
		{A0A34098-F2D4-44F9-9CD6-0C217A5492B6}.Release|x86.ActiveCfg = Release|Any CPU
		{A0A34098-F2D4-44F9-9CD6-0C217A5492B6}.Release|x86.Build.0 = Release|Any CPU
		{DB195FA7-E6D9-4879-928C-C5EEB13C49E2}.Debug|Any CPU.ActiveCfg = Debug|Any CPU
		{DB195FA7-E6D9-4879-928C-C5EEB13C49E2}.Debug|Any CPU.Build.0 = Debug|Any CPU
		{DB195FA7-E6D9-4879-928C-C5EEB13C49E2}.Debug|x64.ActiveCfg = Debug|Any CPU
		{DB195FA7-E6D9-4879-928C-C5EEB13C49E2}.Debug|x64.Build.0 = Debug|Any CPU
		{DB195FA7-E6D9-4879-928C-C5EEB13C49E2}.Debug|x86.ActiveCfg = Debug|Any CPU
		{DB195FA7-E6D9-4879-928C-C5EEB13C49E2}.Debug|x86.Build.0 = Debug|Any CPU
		{DB195FA7-E6D9-4879-928C-C5EEB13C49E2}.Release|Any CPU.ActiveCfg = Release|Any CPU
		{DB195FA7-E6D9-4879-928C-C5EEB13C49E2}.Release|Any CPU.Build.0 = Release|Any CPU
		{DB195FA7-E6D9-4879-928C-C5EEB13C49E2}.Release|x64.ActiveCfg = Release|Any CPU
		{DB195FA7-E6D9-4879-928C-C5EEB13C49E2}.Release|x64.Build.0 = Release|Any CPU
		{DB195FA7-E6D9-4879-928C-C5EEB13C49E2}.Release|x86.ActiveCfg = Release|Any CPU
		{DB195FA7-E6D9-4879-928C-C5EEB13C49E2}.Release|x86.Build.0 = Release|Any CPU
		{E0CB309A-4E90-4A72-8AEF-E33449D4F93E}.Debug|Any CPU.ActiveCfg = Debug|Any CPU
		{E0CB309A-4E90-4A72-8AEF-E33449D4F93E}.Debug|Any CPU.Build.0 = Debug|Any CPU
		{E0CB309A-4E90-4A72-8AEF-E33449D4F93E}.Debug|x64.ActiveCfg = Debug|Any CPU
		{E0CB309A-4E90-4A72-8AEF-E33449D4F93E}.Debug|x64.Build.0 = Debug|Any CPU
		{E0CB309A-4E90-4A72-8AEF-E33449D4F93E}.Debug|x86.ActiveCfg = Debug|Any CPU
		{E0CB309A-4E90-4A72-8AEF-E33449D4F93E}.Debug|x86.Build.0 = Debug|Any CPU
		{E0CB309A-4E90-4A72-8AEF-E33449D4F93E}.Release|Any CPU.ActiveCfg = Release|Any CPU
		{E0CB309A-4E90-4A72-8AEF-E33449D4F93E}.Release|Any CPU.Build.0 = Release|Any CPU
		{E0CB309A-4E90-4A72-8AEF-E33449D4F93E}.Release|x64.ActiveCfg = Release|Any CPU
		{E0CB309A-4E90-4A72-8AEF-E33449D4F93E}.Release|x64.Build.0 = Release|Any CPU
		{E0CB309A-4E90-4A72-8AEF-E33449D4F93E}.Release|x86.ActiveCfg = Release|Any CPU
		{E0CB309A-4E90-4A72-8AEF-E33449D4F93E}.Release|x86.Build.0 = Release|Any CPU
		{786741E6-BA44-41E1-940E-C07EEB4154E7}.Debug|Any CPU.ActiveCfg = Debug|Any CPU
		{786741E6-BA44-41E1-940E-C07EEB4154E7}.Debug|Any CPU.Build.0 = Debug|Any CPU
		{786741E6-BA44-41E1-940E-C07EEB4154E7}.Debug|x64.ActiveCfg = Debug|Any CPU
		{786741E6-BA44-41E1-940E-C07EEB4154E7}.Debug|x64.Build.0 = Debug|Any CPU
		{786741E6-BA44-41E1-940E-C07EEB4154E7}.Debug|x86.ActiveCfg = Debug|Any CPU
		{786741E6-BA44-41E1-940E-C07EEB4154E7}.Debug|x86.Build.0 = Debug|Any CPU
		{786741E6-BA44-41E1-940E-C07EEB4154E7}.Release|Any CPU.ActiveCfg = Release|Any CPU
		{786741E6-BA44-41E1-940E-C07EEB4154E7}.Release|Any CPU.Build.0 = Release|Any CPU
		{786741E6-BA44-41E1-940E-C07EEB4154E7}.Release|x64.ActiveCfg = Release|Any CPU
		{786741E6-BA44-41E1-940E-C07EEB4154E7}.Release|x64.Build.0 = Release|Any CPU
		{786741E6-BA44-41E1-940E-C07EEB4154E7}.Release|x86.ActiveCfg = Release|Any CPU
		{786741E6-BA44-41E1-940E-C07EEB4154E7}.Release|x86.Build.0 = Release|Any CPU
		{E6EDCE69-CBF5-4AF8-9507-190EF28A4921}.Debug|Any CPU.ActiveCfg = Debug|Any CPU
		{E6EDCE69-CBF5-4AF8-9507-190EF28A4921}.Debug|Any CPU.Build.0 = Debug|Any CPU
		{E6EDCE69-CBF5-4AF8-9507-190EF28A4921}.Debug|x64.ActiveCfg = Debug|Any CPU
		{E6EDCE69-CBF5-4AF8-9507-190EF28A4921}.Debug|x64.Build.0 = Debug|Any CPU
		{E6EDCE69-CBF5-4AF8-9507-190EF28A4921}.Debug|x86.ActiveCfg = Debug|Any CPU
		{E6EDCE69-CBF5-4AF8-9507-190EF28A4921}.Debug|x86.Build.0 = Debug|Any CPU
		{E6EDCE69-CBF5-4AF8-9507-190EF28A4921}.Release|Any CPU.ActiveCfg = Release|Any CPU
		{E6EDCE69-CBF5-4AF8-9507-190EF28A4921}.Release|Any CPU.Build.0 = Release|Any CPU
		{E6EDCE69-CBF5-4AF8-9507-190EF28A4921}.Release|x64.ActiveCfg = Release|Any CPU
		{E6EDCE69-CBF5-4AF8-9507-190EF28A4921}.Release|x64.Build.0 = Release|Any CPU
		{E6EDCE69-CBF5-4AF8-9507-190EF28A4921}.Release|x86.ActiveCfg = Release|Any CPU
		{E6EDCE69-CBF5-4AF8-9507-190EF28A4921}.Release|x86.Build.0 = Release|Any CPU
		{70D22C1E-6422-41AF-A506-EA9501DECEC9}.Debug|Any CPU.ActiveCfg = Debug|Any CPU
		{70D22C1E-6422-41AF-A506-EA9501DECEC9}.Debug|Any CPU.Build.0 = Debug|Any CPU
		{70D22C1E-6422-41AF-A506-EA9501DECEC9}.Debug|x64.ActiveCfg = Debug|Any CPU
		{70D22C1E-6422-41AF-A506-EA9501DECEC9}.Debug|x64.Build.0 = Debug|Any CPU
		{70D22C1E-6422-41AF-A506-EA9501DECEC9}.Debug|x86.ActiveCfg = Debug|Any CPU
		{70D22C1E-6422-41AF-A506-EA9501DECEC9}.Debug|x86.Build.0 = Debug|Any CPU
		{70D22C1E-6422-41AF-A506-EA9501DECEC9}.Release|Any CPU.ActiveCfg = Release|Any CPU
		{70D22C1E-6422-41AF-A506-EA9501DECEC9}.Release|Any CPU.Build.0 = Release|Any CPU
		{70D22C1E-6422-41AF-A506-EA9501DECEC9}.Release|x64.ActiveCfg = Release|Any CPU
		{70D22C1E-6422-41AF-A506-EA9501DECEC9}.Release|x64.Build.0 = Release|Any CPU
		{70D22C1E-6422-41AF-A506-EA9501DECEC9}.Release|x86.ActiveCfg = Release|Any CPU
		{70D22C1E-6422-41AF-A506-EA9501DECEC9}.Release|x86.Build.0 = Release|Any CPU
		{9B5A9737-F6DC-4D0C-9441-99528EEE5C62}.Debug|Any CPU.ActiveCfg = Debug|Any CPU
		{9B5A9737-F6DC-4D0C-9441-99528EEE5C62}.Debug|Any CPU.Build.0 = Debug|Any CPU
		{9B5A9737-F6DC-4D0C-9441-99528EEE5C62}.Debug|x64.ActiveCfg = Debug|Any CPU
		{9B5A9737-F6DC-4D0C-9441-99528EEE5C62}.Debug|x64.Build.0 = Debug|Any CPU
		{9B5A9737-F6DC-4D0C-9441-99528EEE5C62}.Debug|x86.ActiveCfg = Debug|Any CPU
		{9B5A9737-F6DC-4D0C-9441-99528EEE5C62}.Debug|x86.Build.0 = Debug|Any CPU
		{9B5A9737-F6DC-4D0C-9441-99528EEE5C62}.Release|Any CPU.ActiveCfg = Release|Any CPU
		{9B5A9737-F6DC-4D0C-9441-99528EEE5C62}.Release|Any CPU.Build.0 = Release|Any CPU
		{9B5A9737-F6DC-4D0C-9441-99528EEE5C62}.Release|x64.ActiveCfg = Release|Any CPU
		{9B5A9737-F6DC-4D0C-9441-99528EEE5C62}.Release|x64.Build.0 = Release|Any CPU
		{9B5A9737-F6DC-4D0C-9441-99528EEE5C62}.Release|x86.ActiveCfg = Release|Any CPU
		{9B5A9737-F6DC-4D0C-9441-99528EEE5C62}.Release|x86.Build.0 = Release|Any CPU
		{7CC13BF5-CC42-48C7-A160-2CA59C15238F}.Debug|Any CPU.ActiveCfg = Debug|Any CPU
		{7CC13BF5-CC42-48C7-A160-2CA59C15238F}.Debug|Any CPU.Build.0 = Debug|Any CPU
		{7CC13BF5-CC42-48C7-A160-2CA59C15238F}.Debug|x64.ActiveCfg = Debug|Any CPU
		{7CC13BF5-CC42-48C7-A160-2CA59C15238F}.Debug|x64.Build.0 = Debug|Any CPU
		{7CC13BF5-CC42-48C7-A160-2CA59C15238F}.Debug|x86.ActiveCfg = Debug|Any CPU
		{7CC13BF5-CC42-48C7-A160-2CA59C15238F}.Debug|x86.Build.0 = Debug|Any CPU
		{7CC13BF5-CC42-48C7-A160-2CA59C15238F}.Release|Any CPU.ActiveCfg = Release|Any CPU
		{7CC13BF5-CC42-48C7-A160-2CA59C15238F}.Release|Any CPU.Build.0 = Release|Any CPU
		{7CC13BF5-CC42-48C7-A160-2CA59C15238F}.Release|x64.ActiveCfg = Release|Any CPU
		{7CC13BF5-CC42-48C7-A160-2CA59C15238F}.Release|x64.Build.0 = Release|Any CPU
		{7CC13BF5-CC42-48C7-A160-2CA59C15238F}.Release|x86.ActiveCfg = Release|Any CPU
		{7CC13BF5-CC42-48C7-A160-2CA59C15238F}.Release|x86.Build.0 = Release|Any CPU
		{3034DEF6-C570-4092-A078-7D92A6FB1A08}.Debug|Any CPU.ActiveCfg = Debug|Any CPU
		{3034DEF6-C570-4092-A078-7D92A6FB1A08}.Debug|Any CPU.Build.0 = Debug|Any CPU
		{3034DEF6-C570-4092-A078-7D92A6FB1A08}.Debug|x64.ActiveCfg = Debug|Any CPU
		{3034DEF6-C570-4092-A078-7D92A6FB1A08}.Debug|x64.Build.0 = Debug|Any CPU
		{3034DEF6-C570-4092-A078-7D92A6FB1A08}.Debug|x86.ActiveCfg = Debug|Any CPU
		{3034DEF6-C570-4092-A078-7D92A6FB1A08}.Debug|x86.Build.0 = Debug|Any CPU
		{3034DEF6-C570-4092-A078-7D92A6FB1A08}.Release|Any CPU.ActiveCfg = Release|Any CPU
		{3034DEF6-C570-4092-A078-7D92A6FB1A08}.Release|Any CPU.Build.0 = Release|Any CPU
		{3034DEF6-C570-4092-A078-7D92A6FB1A08}.Release|x64.ActiveCfg = Release|Any CPU
		{3034DEF6-C570-4092-A078-7D92A6FB1A08}.Release|x64.Build.0 = Release|Any CPU
		{3034DEF6-C570-4092-A078-7D92A6FB1A08}.Release|x86.ActiveCfg = Release|Any CPU
		{3034DEF6-C570-4092-A078-7D92A6FB1A08}.Release|x86.Build.0 = Release|Any CPU
		{BE63D0EE-8362-46C9-AF38-83CB9DE3146D}.Debug|Any CPU.ActiveCfg = Debug|Any CPU
		{BE63D0EE-8362-46C9-AF38-83CB9DE3146D}.Debug|Any CPU.Build.0 = Debug|Any CPU
		{BE63D0EE-8362-46C9-AF38-83CB9DE3146D}.Debug|x64.ActiveCfg = Debug|Any CPU
		{BE63D0EE-8362-46C9-AF38-83CB9DE3146D}.Debug|x64.Build.0 = Debug|Any CPU
		{BE63D0EE-8362-46C9-AF38-83CB9DE3146D}.Debug|x86.ActiveCfg = Debug|Any CPU
		{BE63D0EE-8362-46C9-AF38-83CB9DE3146D}.Debug|x86.Build.0 = Debug|Any CPU
		{BE63D0EE-8362-46C9-AF38-83CB9DE3146D}.Release|Any CPU.ActiveCfg = Release|Any CPU
		{BE63D0EE-8362-46C9-AF38-83CB9DE3146D}.Release|Any CPU.Build.0 = Release|Any CPU
		{BE63D0EE-8362-46C9-AF38-83CB9DE3146D}.Release|x64.ActiveCfg = Release|Any CPU
		{BE63D0EE-8362-46C9-AF38-83CB9DE3146D}.Release|x64.Build.0 = Release|Any CPU
		{BE63D0EE-8362-46C9-AF38-83CB9DE3146D}.Release|x86.ActiveCfg = Release|Any CPU
		{BE63D0EE-8362-46C9-AF38-83CB9DE3146D}.Release|x86.Build.0 = Release|Any CPU
		{CB19E66B-9380-4F44-B0FB-E89597697BB0}.Debug|Any CPU.ActiveCfg = Debug|Any CPU
		{CB19E66B-9380-4F44-B0FB-E89597697BB0}.Debug|Any CPU.Build.0 = Debug|Any CPU
		{CB19E66B-9380-4F44-B0FB-E89597697BB0}.Debug|x64.ActiveCfg = Debug|Any CPU
		{CB19E66B-9380-4F44-B0FB-E89597697BB0}.Debug|x64.Build.0 = Debug|Any CPU
		{CB19E66B-9380-4F44-B0FB-E89597697BB0}.Debug|x86.ActiveCfg = Debug|Any CPU
		{CB19E66B-9380-4F44-B0FB-E89597697BB0}.Debug|x86.Build.0 = Debug|Any CPU
		{CB19E66B-9380-4F44-B0FB-E89597697BB0}.Release|Any CPU.ActiveCfg = Release|Any CPU
		{CB19E66B-9380-4F44-B0FB-E89597697BB0}.Release|Any CPU.Build.0 = Release|Any CPU
		{CB19E66B-9380-4F44-B0FB-E89597697BB0}.Release|x64.ActiveCfg = Release|Any CPU
		{CB19E66B-9380-4F44-B0FB-E89597697BB0}.Release|x64.Build.0 = Release|Any CPU
		{CB19E66B-9380-4F44-B0FB-E89597697BB0}.Release|x86.ActiveCfg = Release|Any CPU
		{CB19E66B-9380-4F44-B0FB-E89597697BB0}.Release|x86.Build.0 = Release|Any CPU
		{58141817-F5B4-4C49-94F5-76C93B5224EF}.Debug|Any CPU.ActiveCfg = Debug|Any CPU
		{58141817-F5B4-4C49-94F5-76C93B5224EF}.Debug|Any CPU.Build.0 = Debug|Any CPU
		{58141817-F5B4-4C49-94F5-76C93B5224EF}.Debug|x64.ActiveCfg = Debug|Any CPU
		{58141817-F5B4-4C49-94F5-76C93B5224EF}.Debug|x64.Build.0 = Debug|Any CPU
		{58141817-F5B4-4C49-94F5-76C93B5224EF}.Debug|x86.ActiveCfg = Debug|Any CPU
		{58141817-F5B4-4C49-94F5-76C93B5224EF}.Debug|x86.Build.0 = Debug|Any CPU
		{58141817-F5B4-4C49-94F5-76C93B5224EF}.Release|Any CPU.ActiveCfg = Release|Any CPU
		{58141817-F5B4-4C49-94F5-76C93B5224EF}.Release|Any CPU.Build.0 = Release|Any CPU
		{58141817-F5B4-4C49-94F5-76C93B5224EF}.Release|x64.ActiveCfg = Release|Any CPU
		{58141817-F5B4-4C49-94F5-76C93B5224EF}.Release|x64.Build.0 = Release|Any CPU
		{58141817-F5B4-4C49-94F5-76C93B5224EF}.Release|x86.ActiveCfg = Release|Any CPU
		{58141817-F5B4-4C49-94F5-76C93B5224EF}.Release|x86.Build.0 = Release|Any CPU
	EndGlobalSection
	GlobalSection(SolutionProperties) = preSolution
		HideSolutionNode = FALSE
	EndGlobalSection
	GlobalSection(NestedProjects) = preSolution
		{BE63D0EE-8362-46C9-AF38-83CB9DE3146D} = {52137CA4-D3B9-B180-3BFE-5F07E171F5D4}
		{CB19E66B-9380-4F44-B0FB-E89597697BB0} = {B85241AD-0F05-1D23-03A5-E2F754FE2B1B}
		{58141817-F5B4-4C49-94F5-76C93B5224EF} = {B3EC58AB-5244-DD21-5309-45A712661F75}
	EndGlobalSection
	GlobalSection(ExtensibilityGlobals) = postSolution
		SolutionGuid = {DF665BA2-3A17-4CF9-A075-AEB92428C2D2}
	EndGlobalSection
EndGlobal
